{
  "name": "apm",
  "version": "1.0.0",
  "lockfileVersion": 1,
  "requires": true,
  "dependencies": {
    "angular": {
      "version": "1.7.9",
      "resolved": "https://registry.npmjs.org/angular/-/angular-1.7.9.tgz",
      "integrity": "sha512-5se7ZpcOtu0MBFlzGv5dsM1quQDoDeUTwZrWjGtTNA7O88cD8TEk5IEKCTDa3uECV9XnvKREVUr7du1ACiWGFQ=="
    },
    "angular-resource": {
      "version": "1.7.8",
      "resolved": "https://registry.npmjs.org/angular-resource/-/angular-resource-1.7.8.tgz",
      "integrity": "sha512-zuPQ0ZX9Q8WnZ0KMtJlKYUSIXWRQSbFzMkRV9zG8cYYSsMAZlXar5Hqmd5gzxC3O28AGM7BCEJ+iYs3UNL4qdA=="
    }
  }
}
